# This file may be used to create an environment using:
# $ conda create --name <env> --file <this file>
# platform: linux-64
@EXPLICIT
https://conda.anaconda.org/conda-forge/linux-64/_libgcc_mutex-0.1-conda_forge.tar.bz2#d7c89558ba9fa0495403155b64376d81
https://conda.anaconda.org/conda-forge/linux-64/libgomp-15.2.0-h767d61c_7.conda#f7b4d76975aac7e5d9e6ad13845f92fe
https://conda.anaconda.org/conda-forge/linux-64/_openmp_mutex-4.5-2_gnu.tar.bz2#73aaf86a425cc6e73fcf236a5a46396d
https://conda.anaconda.org/conda-forge/linux-64/libgcc-15.2.0-h767d61c_7.conda#c0374badb3a5d4b1372db28d19462c53
https://conda.anaconda.org/conda-forge/linux-64/alsa-lib-1.2.14-hb9d3cd8_0.conda#76df83c2a9035c54df5d04ff81bcc02d
https://conda.anaconda.org/conda-forge/linux-64/c-ares-1.34.5-hb9d3cd8_0.conda#f7f0d6cc2dc986d42ac2689ec88192be
https://conda.anaconda.org/conda-forge/linux-64/libgcc-ng-15.2.0-h69a702a_7.conda#280ea6eee9e2ddefde25ff799c4f0363
https://conda.anaconda.org/conda-forge/linux-64/libzlib-1.3.1-hb9d3cd8_2.conda#edb0dca6bc32e4f4789199455a1dbeb8
https://conda.anaconda.org/conda-forge/linux-64/libsqlite-3.50.4-h0c1763c_0.conda#0b367fad34931cb79e0d6b7e5c06bb1c
https://conda.anaconda.org/conda-forge/noarch/ca-certificates-2025.10.5-hbd8a1cb_0.conda#f9e5fbc24009179e8b0409624691758a
https://conda.anaconda.org/conda-forge/linux-64/openssl-3.5.4-h26f9b46_0.conda#14edad12b59ccbfa3910d42c72adc2a0
https://conda.anaconda.org/conda-forge/linux-64/libssh2-1.11.1-hcf80075_0.conda#eecce068c7e4eddeb169591baac20ac4
https://conda.anaconda.org/conda-forge/linux-64/libstdcxx-15.2.0-h8f9b012_7.conda#5b767048b1b3ee9a954b06f4084f93dc
https://conda.anaconda.org/conda-forge/linux-64/libstdcxx-ng-15.2.0-h4852527_7.conda#f627678cf829bd70bccf141a19c3ad3e
https://conda.anaconda.org/conda-forge/linux-64/icu-75.1-he02047a_0.conda#8b189310083baabfb622af68fd9d3ae3
https://conda.anaconda.org/conda-forge/linux-64/libiconv-1.18-h3b78370_2.conda#915f5995e94f60e9a4826e0b0920ee88
https://conda.anaconda.org/conda-forge/linux-64/liblzma-5.8.1-hb9d3cd8_2.conda#1a580f7796c7bf6393fddb8bbbde58dc
https://conda.anaconda.org/conda-forge/linux-64/libxml2-2.13.8-h04c0eec_1.conda#10bcbd05e1c1c9d652fccb42b776a9fa
https://conda.anaconda.org/conda-forge/linux-64/aria2-1.37.0-hbc8128a_2.conda#03b8874fa70df577f3eee53085d025cf
https://conda.anaconda.org/conda-forge/linux-64/bc-1.07.1-h7f98852_0.tar.bz2#9ff50d162aa3b1c861fa30105bea1932
https://conda.anaconda.org/conda-forge/linux-64/bzip2-1.0.8-hda65f42_8.conda#51a19bba1b8ebfb60df25cde030b7ebc
https://conda.anaconda.org/conda-forge/linux-64/ld_impl_linux-64-2.44-ha97dd6f_2.conda#14bae321b8127b63cba276bd53fac237
https://conda.anaconda.org/conda-forge/linux-64/libexpat-2.7.1-hecca717_0.conda#4211416ecba1866fab0c6470986c22d6
https://conda.anaconda.org/conda-forge/linux-64/libffi-3.4.6-h2dba641_1.conda#ede4673863426c0883c0063d853bbd85
https://conda.anaconda.org/conda-forge/linux-64/libnsl-2.0.1-hb9d3cd8_1.conda#d864d34357c3b65a4b731f78c0801dc4
https://conda.anaconda.org/conda-forge/linux-64/libuuid-2.41.2-he9a06e4_0.conda#80c07c68d2f6870250959dcc95b209d1
https://conda.anaconda.org/conda-forge/linux-64/libxcrypt-4.4.36-hd590300_1.conda#5aa797f8787fe7a17d1b0821485b5adc
https://conda.anaconda.org/conda-forge/linux-64/ncurses-6.5-h2d0b736_3.conda#47e340acb35de30501a76c7c799c41d7
https://conda.anaconda.org/conda-forge/linux-64/readline-8.2-h8c095d6_2.conda#283b96675859b20a825f8fa30f311446
https://conda.anaconda.org/conda-forge/linux-64/tk-8.6.13-noxft_hd72426e_102.conda#a0116df4f4ed05c303811a837d5b39d8
https://conda.anaconda.org/conda-forge/noarch/tzdata-2025b-h78e105d_0.conda#4222072737ccff51314b5ece9c7d6f5a
https://conda.anaconda.org/conda-forge/linux-64/python-3.10.19-h3c07f61_2_cpython.conda#27ac896a8b4970f8977503a9e70dc745
https://conda.anaconda.org/conda-forge/noarch/python_abi-3.10-8_cp310.conda#05e00f3b21e88bb3d658ac700b2ce58c
https://conda.anaconda.org/conda-forge/linux-64/bitarray-3.7.2-py310h7c4b9e2_0.conda#266bb59d8b0c448dbc09f35af7a79d67
https://conda.anaconda.org/conda-forge/noarch/bitstring-4.3.1-pyhd8ed1ab_0.conda#7b5326a094d7cf33a956a8b1b6c85d86
https://conda.anaconda.org/conda-forge/linux-64/keyutils-1.6.3-hb9d3cd8_0.conda#b38117a3c920364aff79f870c984b4a3
https://conda.anaconda.org/conda-forge/linux-64/libedit-3.1.20250104-pl5321h7949ede_0.conda#c277e0a4d549b03ac1e9d6cbbe3d017b
https://conda.anaconda.org/conda-forge/linux-64/krb5-1.21.3-h659f571_0.conda#3f43953b7d3fb3aaa1d0d0723d91e368
https://conda.anaconda.org/conda-forge/linux-64/libev-4.33-hd590300_2.conda#172bf1cd1ff8629f2b1179945ed45055
https://conda.anaconda.org/conda-forge/linux-64/libnghttp2-1.67.0-had1ee68_0.conda#b499ce4b026493a13774bcf0f4c33849
https://conda.anaconda.org/conda-forge/linux-64/zstd-1.5.7-hb8e6e7a_2.conda#6432cb5d4ac0046c3ac0a8a0f95842f9
https://conda.anaconda.org/conda-forge/linux-64/libcurl-8.16.0-h4e3cde8_0.conda#a401aa9329350320c7d3809a7a5a1640
https://conda.anaconda.org/conda-forge/linux-64/curl-8.16.0-h4e3cde8_0.conda#d0147bee507ee3e367c685f4496e50db
https://conda.anaconda.org/conda-forge/linux-64/libunistring-0.9.10-h7f98852_0.tar.bz2#7245a044b4a1980ed83196176b78b73a
https://conda.anaconda.org/conda-forge/linux-64/libidn2-2.3.8-hfac485b_1.conda#842a81de672ddcf476337c8bde3cad33
https://conda.anaconda.org/conda-forge/linux-64/pcre2-10.45-hc749103_0.conda#b90bece58b4c2bf25969b70f3be42d25
https://conda.anaconda.org/conda-forge/linux-64/zlib-1.3.1-hb9d3cd8_2.conda#c9f075ab2f33b3bbee9e62d4ad0a6cd8
https://conda.anaconda.org/conda-forge/linux-64/wget-1.25.0-hc2d8bac_0.conda#54ef9e962b9f75026416a4ddbafbc854
https://conda.anaconda.org/bioconda/linux-64/entrez-direct-24.0-he881be0_0.tar.bz2#52a3fabee9201c2c6093c13b4eaf29b4
https://conda.anaconda.org/bioconda/linux-64/ncbi-vdb-3.2.1-h9948957_0.tar.bz2#c80d2359e66e4dd94bceedd55b752dff
https://conda.anaconda.org/conda-forge/linux-64/perl-5.32.1-7_hd590300_perl5.conda#f2cfec9406850991f4e3d960cc9e3321
https://conda.anaconda.org/conda-forge/linux-64/perl-compress-raw-bzip2-2.213-pl5321hda65f42_0.conda#252e2c61319fbf6c508be5f7d88fb37d
https://conda.anaconda.org/conda-forge/linux-64/perl-compress-raw-zlib-2.213-pl5321h4dac143_0.conda#076a84658627337453aae303551c44ab
https://conda.anaconda.org/conda-forge/noarch/perl-exporter-5.74-pl5321hd8ed1ab_0.tar.bz2#fd2eac4e35f8c970870a3961c1df3e29
https://conda.anaconda.org/conda-forge/noarch/perl-parent-0.243-pl5321hd8ed1ab_0.conda#314caa3b72d65f8078d426c6721dcacc
https://conda.anaconda.org/conda-forge/linux-64/perl-storable-3.15-pl5321hb9d3cd8_2.conda#212f63a5c7c753ecf0a74c349b9270c5
https://conda.anaconda.org/conda-forge/linux-64/perl-encode-3.21-pl5321hb9d3cd8_1.conda#a418a0e7010007df65768e4e4b96dd14
https://conda.anaconda.org/conda-forge/linux-64/perl-scalar-list-utils-1.70-pl5321hb03c661_0.conda#046486011bf7674e3c2f2a1513ac4f3d
https://conda.anaconda.org/bioconda/linux-64/perl-io-compress-2.213-pl5321h503566f_0.conda#b454321921fd315d492e0126ef45b8ef
https://conda.anaconda.org/bioconda/noarch/perl-io-zlib-1.15-pl5321hdfd78af_1.tar.bz2#db92645dabe9467115729e4479841b5d
https://conda.anaconda.org/conda-forge/noarch/perl-extutils-makemaker-7.70-pl5321hd8ed1ab_0.conda#ec3e57ed34f7765bfc7054a05868ce5d
https://conda.anaconda.org/conda-forge/noarch/perl-carp-1.50-pl5321hd8ed1ab_0.tar.bz2#bdddc03e28019b902da71b722f2288d7
https://conda.anaconda.org/conda-forge/linux-64/perl-pathtools-3.75-pl5321hb9d3cd8_2.conda#03d88c89dfac8a26adcdeff242f94007
https://conda.anaconda.org/bioconda/noarch/perl-archive-tar-3.04-pl5321hdfd78af_0.tar.bz2#27d0df347c48c48b363651b64fb6fb4c
https://conda.anaconda.org/conda-forge/noarch/perl-common-sense-3.75-pl5321hd8ed1ab_0.tar.bz2#ef70dc77e8b10bbb62f5e843b401ef0e
https://conda.anaconda.org/bioconda/noarch/perl-types-serialiser-1.01-pl5321hdfd78af_0.tar.bz2#cfc65753e827bbef80c00eaa395f6ae7
https://conda.anaconda.org/bioconda/linux-64/perl-json-xs-4.04-pl5321h9948957_0.conda#7916b2e794393b3389535ba750f489da
https://conda.anaconda.org/bioconda/noarch/perl-json-4.10-pl5321hdfd78af_1.tar.bz2#c6c43c11e14d90b836f42c611e106ea9
https://conda.anaconda.org/conda-forge/noarch/perl-exporter-tiny-1.002002-pl5321hd8ed1ab_0.tar.bz2#48d709826875be1f2c108d3d1d8efec7
https://conda.anaconda.org/bioconda/linux-64/perl-list-moreutils-xs-0.430-pl5321h7b50bb2_5.tar.bz2#9192770eb08524038c3fcf24e915b10c
https://conda.anaconda.org/bioconda/noarch/perl-list-moreutils-0.430-pl5321hdfd78af_0.tar.bz2#7f04c79d216d0f8e7b6d5a51de4aafa0
https://conda.anaconda.org/bioconda/linux-64/blast-2.17.0-h66d330f_0.conda#405ce6d52eba06fcd48197ae1eb8f5a9
https://conda.anaconda.org/conda-forge/linux-64/lz4-c-1.10.0-h5888daf_1.conda#9de5350a85c4a20c685259b889aa6393
https://conda.anaconda.org/conda-forge/linux-64/popt-1.16-h0b475e3_2002.tar.bz2#78388f97473c02e5ac8a3742eee4c959
https://conda.anaconda.org/conda-forge/linux-64/xxhash-0.8.3-hb47aa4a_0.conda#607e13a8caac17f9a664bcab5302ce06
https://conda.anaconda.org/conda-forge/linux-64/rsync-3.4.1-h81c0278_2.conda#94b7e4c794c6468b8797219dcd626e42
https://conda.anaconda.org/conda-forge/linux-64/tar-1.35-h3b78370_0.conda#8e037804a92c84cb901bdd83a8e5ff46
https://conda.anaconda.org/bioconda/linux-64/kraken2-2.1.6-pl5321h077b44d_0.tar.bz2#a9ce8d946baf645560697caf97ae436a
https://conda.anaconda.org/bioconda/linux-64/bracken-3.1-h9948957_0.tar.bz2#79e22c3add0be637a0a35e8bd2598074
https://conda.anaconda.org/conda-forge/linux-64/libbrotlicommon-1.1.0-hb03c661_4.conda#1d29d2e33fe59954af82ef54a8af3fe1
https://conda.anaconda.org/conda-forge/linux-64/libbrotlidec-1.1.0-hb03c661_4.conda#5cb5a1c9a94a78f5b23684bcb845338d
https://conda.anaconda.org/conda-forge/linux-64/libbrotlienc-1.1.0-hb03c661_4.conda#2e55011fa483edb8bfe3fd92e860cd79
https://conda.anaconda.org/conda-forge/linux-64/brotli-bin-1.1.0-hb03c661_4.conda#ca4ed8015764937c81b830f7f5b68543
https://conda.anaconda.org/conda-forge/linux-64/brotli-1.1.0-hb03c661_4.conda#eaf3fbd2aa97c212336de38a51fe404e
https://conda.anaconda.org/conda-forge/noarch/cachetools-5.5.2-pyhd8ed1ab_0.conda#bf9c1698e819fab31f67dbab4256f7ba
https://conda.anaconda.org/conda-forge/linux-64/libpng-1.6.50-h421ea60_1.conda#7af8e91b0deb5f8e25d1a595dea79614
https://conda.anaconda.org/conda-forge/linux-64/libfreetype6-2.14.1-h73754d4_0.conda#8e7251989bca326a28f4a5ffbd74557a
https://conda.anaconda.org/conda-forge/linux-64/libfreetype-2.14.1-ha770c72_0.conda#f4084e4e6577797150f9b04a4560ceb0
https://conda.anaconda.org/conda-forge/linux-64/freetype-2.14.1-ha770c72_0.conda#4afc585cd97ba8a23809406cd8a9eda8
https://conda.anaconda.org/conda-forge/linux-64/fontconfig-2.15.0-h7e30c49_1.conda#8f5b0b297b59e1ac160ad4beec99dbee
https://conda.anaconda.org/conda-forge/noarch/font-ttf-dejavu-sans-mono-2.37-hab24e00_0.tar.bz2#0c96522c6bdaed4b1566d11387caaf45
https://conda.anaconda.org/conda-forge/noarch/font-ttf-inconsolata-3.000-h77eed37_0.tar.bz2#34893075a5c9e55cdafac56607368fc6
https://conda.anaconda.org/conda-forge/noarch/font-ttf-source-code-pro-2.038-h77eed37_0.tar.bz2#4d59c254e01d9cde7957100457e2d5fb
https://conda.anaconda.org/conda-forge/noarch/font-ttf-ubuntu-0.83-h77eed37_3.conda#49023d73832ef61042f6a237cb2687e7
https://conda.anaconda.org/conda-forge/noarch/fonts-conda-forge-1-0.tar.bz2#f766549260d6815b0c52253f1fb1bb29
https://conda.anaconda.org/conda-forge/noarch/fonts-conda-ecosystem-1-0.tar.bz2#fee5683a3f04bd15cbd8318b096a27ab
https://conda.anaconda.org/conda-forge/linux-64/libglib-2.84.3-hf39c6af_0.conda#467f23819b1ea2b89c3fc94d65082301
https://conda.anaconda.org/conda-forge/linux-64/pthread-stubs-0.4-hb9d3cd8_1002.conda#b3c17d95b5a10c6e64a21fa17573e70e
https://conda.anaconda.org/conda-forge/linux-64/xorg-libxau-1.0.12-hb9d3cd8_0.conda#f6ebe2cb3f82ba6c057dde5d9debe4f7
https://conda.anaconda.org/conda-forge/linux-64/xorg-libxdmcp-1.1.5-hb9d3cd8_0.conda#8035c64cb77ed555e3f150b7b3972480
https://conda.anaconda.org/conda-forge/linux-64/libxcb-1.17.0-h8a09558_0.conda#92ed62436b625154323d40d5f2f11dd7
https://conda.anaconda.org/conda-forge/linux-64/pixman-0.46.4-h54a6638_1.conda#c01af13bdc553d1a8fbfff6e8db075f0
https://conda.anaconda.org/conda-forge/linux-64/xorg-libice-1.1.2-hb9d3cd8_0.conda#fb901ff28063514abb6046c9ec2c4a45
https://conda.anaconda.org/conda-forge/linux-64/xorg-libsm-1.2.6-he73a12e_0.conda#1c74ff8c35dcadf952a16f752ca5aa49
https://conda.anaconda.org/conda-forge/linux-64/xorg-libx11-1.8.12-h4f16b4b_0.conda#db038ce880f100acc74dba10302b5630
https://conda.anaconda.org/conda-forge/linux-64/xorg-libxext-1.3.6-hb9d3cd8_0.conda#febbab7d15033c913d53c7a2c102309d
https://conda.anaconda.org/conda-forge/linux-64/xorg-libxrender-0.9.12-hb9d3cd8_0.conda#96d57aba173e878a2089d5638016dc5e
https://conda.anaconda.org/conda-forge/linux-64/cairo-1.18.4-h3394656_0.conda#09262e66b19567aff4f592fb53b28760
https://conda.anaconda.org/bioconda/linux-64/centrifuge-1.0.4.2-h077b44d_1.tar.bz2#35d912424e7ea9a20e32ae142cab4976
https://conda.anaconda.org/conda-forge/noarch/pycparser-2.22-pyh29332c3_1.conda#12c566707c80111f9799308d9e265aef
https://conda.anaconda.org/conda-forge/linux-64/cffi-2.0.0-py310h34a4b09_0.conda#5a554da3ddfd6dae35ed0f76f70970ff
https://conda.anaconda.org/conda-forge/linux-64/libgfortran5-15.2.0-hcd61629_7.conda#f116940d825ffc9104400f0d7f1a4551
https://conda.anaconda.org/conda-forge/linux-64/libgfortran-15.2.0-h69a702a_7.conda#8621a450add4e231f676646880703f49
https://conda.anaconda.org/conda-forge/linux-64/libopenblas-0.3.30-pthreads_h94d23a6_2.conda#dfc5aae7b043d9f56ba99514d5e60625
https://conda.anaconda.org/conda-forge/linux-64/libblas-3.9.0-37_h4a7cf45_openblas.conda#8bc098f29d8a7e3517bac5b25aab39b1
https://conda.anaconda.org/conda-forge/linux-64/libcblas-3.9.0-37_h0358290_openblas.conda#3794858d4d6910a7fc3c181519e0b77a
https://conda.anaconda.org/conda-forge/linux-64/liblapack-3.9.0-37_h47877c9_openblas.conda#8305e6a5ed432ad3e5a609e8024dbc17
https://conda.anaconda.org/conda-forge/linux-64/numpy-2.2.6-py310hefbff90_0.conda#b0cea2c364bf65cd19e023040eeab05d
https://conda.anaconda.org/conda-forge/linux-64/contourpy-1.3.2-py310h3788b33_0.conda#b6420d29123c7c823de168f49ccdfe6a
https://conda.anaconda.org/conda-forge/linux-64/coreutils-9.5-hd590300_0.conda#126d457e0e7a535278e808a7d8960015
https://conda.anaconda.org/conda-forge/noarch/cycler-0.12.1-pyhd8ed1ab_1.conda#44600c4667a319d67dbe0681fc0bc833
https://conda.anaconda.org/conda-forge/linux-64/libntlm-1.8-hb9d3cd8_0.conda#7c7927b404672409d9917d49bff5f2d6
https://conda.anaconda.org/conda-forge/linux-64/cyrus-sasl-2.1.28-hd9c7081_0.conda#cae723309a49399d2949362f4ab5c9e4
https://conda.anaconda.org/conda-forge/linux-64/dbus-1.16.2-h3c4dab8_0.conda#679616eb5ad4e521c83da4650860aba7
https://conda.anaconda.org/conda-forge/noarch/packaging-25.0-pyh29332c3_1.conda#58335b26c38bf4a20f399384c33cbcf9
https://conda.anaconda.org/conda-forge/noarch/deprecation-2.1.0-pyh9f0ad1d_0.tar.bz2#7b6747d7cc2076341029cff659669e8b
https://conda.anaconda.org/conda-forge/linux-64/diffutils-3.12-h73b1eb8_0.conda#71fe27fe0f48d500246b22d064377ea9
https://conda.anaconda.org/conda-forge/linux-64/double-conversion-3.3.1-h5888daf_0.conda#bfd56492d8346d669010eccafe0ba058
https://conda.anaconda.org/conda-forge/linux-64/findutils-4.10.0-hb9d3cd8_0.conda#2befe9dca03ee0a363880fe29bc1b755
https://conda.anaconda.org/conda-forge/noarch/munkres-1.1.4-pyhd8ed1ab_1.conda#37293a85a0f4f77bbd9cf7aaefc62609
https://conda.anaconda.org/conda-forge/linux-64/unicodedata2-16.0.0-py310h7c4b9e2_1.conda#1d54e461bda325196725cdd07ae046cb
https://conda.anaconda.org/conda-forge/linux-64/fonttools-4.60.1-py310h3406613_0.conda#ac183a1fd0cbebd32a20a2aeaf8dc01d
https://conda.anaconda.org/conda-forge/linux-64/gmp-6.3.0-hac33072_2.conda#c94a5994ef49749880a8139cf9afcbe1
https://conda.anaconda.org/conda-forge/linux-64/libasprintf-0.25.1-h3f43e3d_1.conda#3b0d184bc9404516d418d4509e418bdc
https://conda.anaconda.org/conda-forge/linux-64/libgettextpo-0.25.1-h3f43e3d_1.conda#2f4de899028319b27eb7a4023be5dfd2
https://conda.anaconda.org/conda-forge/linux-64/mpfr-4.2.1-h90cbb55_3.conda#2eeb50cab6652538eee8fc0bc3340c81
https://conda.anaconda.org/conda-forge/linux-64/gawk-5.3.1-hcd3d067_0.conda#91d4414ab699180b2b0b10b8112c5a2f
https://conda.anaconda.org/conda-forge/linux-64/parallel-20250822-ha770c72_0.conda#3e1d1c027020370bb0ab33e6f794091c
https://conda.anaconda.org/bioconda/noarch/genome_updater-0.6.4-hdfd78af_0.tar.bz2#a71b9aa100e7879c72a8619af31de83a
https://conda.anaconda.org/conda-forge/linux-64/pcre-8.45-h9c3ff4c_0.tar.bz2#c05d1820a6d34ff07aaaab7a9b7eddaa
https://conda.anaconda.org/bioconda/linux-64/grep-3.4-hf43ccf4_4.tar.bz2#eeb6091df154f33df853044602bbb367
https://conda.anaconda.org/bioconda/noarch/multitax-1.3.2-pyhdfd78af_0.tar.bz2#99acee1e9391a2f13b9661342a853998
https://conda.anaconda.org/conda-forge/noarch/six-1.17.0-pyhe01879c_1.conda#3339e3b65d58accf4ca4fb8748ab16b3
https://conda.anaconda.org/conda-forge/noarch/python-dateutil-2.9.0.post0-pyhe01879c_2.conda#5b8d21249ff20967101ffa321cab24e8
https://conda.anaconda.org/conda-forge/noarch/python-tzdata-2025.2-pyhd8ed1ab_0.conda#88476ae6ebd24f39261e0854ac244f33
https://conda.anaconda.org/conda-forge/noarch/pytz-2025.2-pyhd8ed1ab_0.conda#bc8e3267d44011051f2eb14d22fb0960
https://conda.anaconda.org/conda-forge/linux-64/pandas-2.3.3-py310h0158d43_1.conda#8bae331f955bac51bacbfb94ad81b7e5
https://conda.anaconda.org/conda-forge/linux-64/yaml-cpp-0.8.0-h3f2d84a_0.conda#92b90f5f7a322e74468bb4909c7354b5
https://conda.anaconda.org/bioconda/linux-64/raptor-3.0.1-haf24da9_4.tar.bz2#58087b1527cb461fcd7130011b4e2bed
https://conda.anaconda.org/bioconda/linux-64/seqan3-3.4.0-haf24da9_0.conda#e80db1b7806492cc0714fa8b83ea2eda
https://conda.anaconda.org/bioconda/linux-64/ganon-2.1.1-py310h21bbc02_0.tar.bz2#6d22007adb29a1185109e3aa5483ea64
https://conda.anaconda.org/conda-forge/linux-64/graphite2-1.3.14-hecca717_2.conda#2cd94587f3a401ae05e03a6caf09539d
https://conda.anaconda.org/conda-forge/linux-64/harfbuzz-11.4.5-h15599e2_0.conda#1276ae4aa3832a449fcb4253c30da4bc
https://conda.anaconda.org/conda-forge/linux-64/kiwisolver-1.4.9-py310haaf941d_1.conda#dccb22849c78cbb9decc0af573c00a45
https://conda.anaconda.org/conda-forge/linux-64/libjpeg-turbo-3.1.0-hb9d3cd8_0.conda#9fa334557db9f63da6c9285fd2a48638
https://conda.anaconda.org/conda-forge/linux-64/lerc-4.0.0-h0aef613_1.conda#9344155d33912347b37f0ae6c410a835
https://conda.anaconda.org/conda-forge/linux-64/libdeflate-1.24-h86f0d12_0.conda#64f0c503da58ec25ebd359e4d990afa8
https://conda.anaconda.org/conda-forge/linux-64/libwebp-base-1.6.0-hd42ef1d_0.conda#aea31d2e5b1091feca96fcfe945c3cf9
https://conda.anaconda.org/conda-forge/linux-64/libtiff-4.7.1-h8261f1e_0.conda#72b531694ebe4e8aa6f5745d1015c1b4
https://conda.anaconda.org/conda-forge/linux-64/lcms2-2.17-h717163a_0.conda#000e85703f0fd9594c81710dd5066471
https://conda.anaconda.org/conda-forge/linux-64/libllvm20-20.1.8-hecd9e04_0.conda#59a7b967b6ef5d63029b1712f8dcf661
https://conda.anaconda.org/conda-forge/linux-64/libclang-cpp20.1-20.1.8-default_h99862b1_4.conda#2a7f3bca5b60a34be5a35cbc70711bce
https://conda.anaconda.org/conda-forge/linux-64/libllvm21-21.1.0-hecd9e04_0.conda#9ad637a7ac380c442be142dfb0b1b955
https://conda.anaconda.org/conda-forge/linux-64/libclang13-21.1.0-default_h746c552_1.conda#327c78a8ce710782425a89df851392f7
https://conda.anaconda.org/conda-forge/linux-64/libcups-2.3.3-hb8b1518_5.conda#d4a250da4737ee127fb1fa6452a9002e
https://conda.anaconda.org/conda-forge/linux-64/libpciaccess-0.18-hb9d3cd8_0.conda#70e3400cbbfa03e96dcde7fc13e38c7b
https://conda.anaconda.org/conda-forge/linux-64/libdrm-2.4.125-hb03c661_1.conda#9314bc5a1fe7d1044dc9dfd3ef400535
https://conda.anaconda.org/conda-forge/linux-64/libglvnd-1.7.0-ha4b6fd6_2.conda#434ca7e50e40f4918ab701e3facd59a0
https://conda.anaconda.org/conda-forge/linux-64/libegl-1.7.0-ha4b6fd6_2.conda#c151d5eb730e9b7480e6d48c0fc44048
https://conda.anaconda.org/conda-forge/linux-64/libglx-1.7.0-ha4b6fd6_2.conda#c8013e438185f33b13814c5c488acd5c
https://conda.anaconda.org/conda-forge/linux-64/libgl-1.7.0-ha4b6fd6_2.conda#928b8be80851f5d8ffb016f9c81dae7a
https://conda.anaconda.org/conda-forge/linux-64/libopengl-1.7.0-ha4b6fd6_2.conda#7df50d44d4a14d6c31a2c54f2cd92157
https://conda.anaconda.org/conda-forge/linux-64/openldap-2.6.10-he970967_0.conda#2e5bf4f1da39c0b32778561c3c4e5878
https://conda.anaconda.org/conda-forge/linux-64/libpq-17.6-h3675c94_2.conda#e2c2f4c4c20a449b3b4a218797bd7c03
https://conda.anaconda.org/conda-forge/linux-64/xkeyboard-config-2.46-hb03c661_0.conda#71ae752a748962161b4740eaff510258
https://conda.anaconda.org/conda-forge/linux-64/libxkbcommon-1.11.0-he8b52b9_0.conda#74e91c36d0eef3557915c68b6c2bef96
https://conda.anaconda.org/conda-forge/linux-64/libxslt-1.1.43-h7a3aeb2_0.conda#31059dc620fa57d787e3899ed0421e6d
https://conda.anaconda.org/conda-forge/linux-64/openjpeg-2.5.4-h55fea9a_0.conda#11b3379b191f63139e29c0d19dee24cd
https://conda.anaconda.org/conda-forge/linux-64/pillow-11.3.0-py310h6557065_3.conda#e169733dc0c743687a852f1c6e989140
https://conda.anaconda.org/conda-forge/noarch/pyparsing-3.2.5-pyhcf101f3_0.conda#6c8979be6d7a17692793114fa26916e8
https://conda.anaconda.org/conda-forge/linux-64/qhull-2020.2-h434a139_5.conda#353823361b1d27eb3960efb076dfcaf6
https://conda.anaconda.org/conda-forge/linux-64/matplotlib-base-3.10.7-py310hfde16b3_0.conda#185a6d44916e4e28bb50d0192eb6b880
https://conda.anaconda.org/conda-forge/linux-64/wayland-1.24.0-h3e06ad9_0.conda#0f2ca7906bf166247d1d760c3422cb8a
https://conda.anaconda.org/conda-forge/linux-64/xcb-util-0.4.1-h4f16b4b_2.conda#fdc27cb255a7a2cc73b7919a968b48f0
https://conda.anaconda.org/conda-forge/linux-64/xcb-util-image-0.4.0-hb711507_2.conda#a0901183f08b6c7107aab109733a3c91
https://conda.anaconda.org/conda-forge/linux-64/xcb-util-renderutil-0.3.10-hb711507_0.conda#0e0cbe0564d03a99afd5fd7b362feecd
https://conda.anaconda.org/conda-forge/linux-64/xcb-util-cursor-0.1.5-hb9d3cd8_0.conda#eb44b3b6deb1cab08d72cb61686fe64c
https://conda.anaconda.org/conda-forge/linux-64/xcb-util-keysyms-0.4.1-hb711507_0.conda#ad748ccca349aec3e91743e08b5e2b50
https://conda.anaconda.org/conda-forge/linux-64/xcb-util-wm-0.4.2-hb711507_0.conda#608e0ef8256b81d04456e8d211eee3e8
https://conda.anaconda.org/conda-forge/linux-64/xorg-libxfixes-6.0.2-hb03c661_0.conda#ba231da7fccf9ea1e768caf5c7099b84
https://conda.anaconda.org/conda-forge/linux-64/xorg-libxcomposite-0.4.6-hb9d3cd8_2.conda#d3c295b50f092ab525ffe3c2aa4b7413
https://conda.anaconda.org/conda-forge/linux-64/xorg-libxcursor-1.2.3-hb9d3cd8_0.conda#2ccd714aa2242315acaf0a67faea780b
https://conda.anaconda.org/conda-forge/linux-64/xorg-libxdamage-1.1.6-hb9d3cd8_0.conda#b5fcc7172d22516e1f965490e65e33a4
https://conda.anaconda.org/conda-forge/linux-64/xorg-libxrandr-1.5.4-hb9d3cd8_0.conda#2de7f99d6581a4a7adbff607b5c278ca
https://conda.anaconda.org/conda-forge/linux-64/xorg-libxi-1.8.2-hb9d3cd8_0.conda#17dcc85db3c7886650b8908b183d6876
https://conda.anaconda.org/conda-forge/linux-64/xorg-libxtst-1.2.5-hb9d3cd8_3.conda#7bbe9a0cc0df0ac5f5a8ad6d6a11af2f
https://conda.anaconda.org/conda-forge/linux-64/xorg-libxxf86vm-1.1.6-hb9d3cd8_0.conda#5efa5fa6243a622445fdfd72aee15efa
https://conda.anaconda.org/conda-forge/linux-64/qt6-main-6.9.2-h3fc9a0a_0.conda#70b5132b6e8a65198c2f9d5552c41126
https://conda.anaconda.org/conda-forge/linux-64/pyside6-6.9.2-py310hc4e1109_1.conda#71c3d9e7f33917c50206c390f33bdc49
https://conda.anaconda.org/conda-forge/linux-64/tornado-6.5.2-py310h7c4b9e2_1.conda#c5f63ba41df24b9025c9196353541ed5
https://conda.anaconda.org/conda-forge/linux-64/matplotlib-3.10.7-py310hff52083_0.conda#005b6de8b555748dba4da2209a9b4aa6
https://conda.anaconda.org/conda-forge/noarch/setuptools-80.9.0-pyhff2d567_0.conda#4de79c071274a53dcaf2a8c749d1499e
https://conda.anaconda.org/conda-forge/noarch/wheel-0.45.1-pyhd8ed1ab_1.conda#75cb7132eb58d97896e173ef12ac9986
https://conda.anaconda.org/conda-forge/noarch/pip-25.2-pyh8b19718_0.conda#dfce4b2af4bfe90cdcaf56ca0b28ddf5
https://conda.anaconda.org/conda-forge/linux-64/scipy-1.15.2-py310h1d65ade_0.conda#8c29cd33b64b2eb78597fa28b5595c8d
https://conda.anaconda.org/conda-forge/noarch/screed-1.1.3-pyhd8ed1ab_0.conda#c82df785d03d9fe27b316279d333eaec
https://conda.anaconda.org/conda-forge/linux-64/sourmash-minimal-4.8.14-py310h3f40857_1.conda#a043fa29bec99f9c027bcde90030c18f
https://conda.anaconda.org/bioconda/noarch/sourmash-4.8.14-hdfd78af_0.tar.bz2#a2e6a95cd6b05f30e05cdf6d4386bf0d
https://conda.anaconda.org/bioconda/linux-64/taxonkit-0.20.0-h9ee0642_0.tar.bz2#d7ddad34ed5659a9ff053e1fc43f363d
